<?xml version="1.0" encoding="utf-8"?>
<Project ToolsVersion="4.0" xmlns="http://schemas.microsoft.com/developer/msbuild/2003">
  <ItemGroup>
    <Filter Include="源文件">
      <UniqueIdentifier>{4FC737F1-C7A5-4376-A066-2A32D752A2FF}</UniqueIdentifier>
      <Extensions>cpp;c;cc;cxx;def;odl;idl;hpj;bat;asm;asmx</Extensions>
    </Filter>
    <Filter Include="头文件">
      <UniqueIdentifier>{93995380-89BD-4b04-88EB-625FBE52EBFB}</UniqueIdentifier>
      <Extensions>h;hh;hpp;hxx;hm;inl;inc;xsd</Extensions>
    </Filter>
    <Filter Include="资源文件">
      <UniqueIdentifier>{67DA6AB6-F800-4c08-8B7A-83BB121AAD01}</UniqueIdentifier>
      <Extensions>rc;ico;cur;bmp;dlg;rc2;rct;bin;rgs;gif;jpg;jpeg;jpe;resx;tiff;tif;png;wav;mfcribbon-ms</Extensions>
    </Filter>
    <Filter Include="源文件\ZeroEngine">
      <UniqueIdentifier>{5e8a20bc-bf0d-444e-aea9-beaad199aac2}</UniqueIdentifier>
    </Filter>
    <Filter Include="头文件\ZeroEngineHeads">
      <UniqueIdentifier>{63dab95b-6863-4491-9dc2-6b4ee596665d}</UniqueIdentifier>
    </Filter>
    <Filter Include="头文件\ZeroEngineHeads\Core">
      <UniqueIdentifier>{6c17c443-1677-43c3-96c5-c8d2036e3bdc}</UniqueIdentifier>
    </Filter>
    <Filter Include="源文件\ZeroEngine\Core">
      <UniqueIdentifier>{a70ec29e-9f68-4b32-9c06-bd41f2138905}</UniqueIdentifier>
    </Filter>
    <Filter Include="头文件\ZeroEngineHeads\Display">
      <UniqueIdentifier>{54f4f45c-0817-4260-a542-be0b4da85d12}</UniqueIdentifier>
    </Filter>
    <Filter Include="源文件\ZeroEngine\Display">
      <UniqueIdentifier>{5b848e89-bc06-464d-bfc9-0e8b9081fb2b}</UniqueIdentifier>
    </Filter>
    <Filter Include="头文件\ZeroEngineHeads\Display\Text">
      <UniqueIdentifier>{22e7f908-44a6-42b8-9413-274e8937850c}</UniqueIdentifier>
    </Filter>
    <Filter Include="源文件\ZeroEngine\Display\Text">
      <UniqueIdentifier>{670ce9bb-2df4-41ac-b5f1-3dfc2430c0dc}</UniqueIdentifier>
    </Filter>
    <Filter Include="头文件\ZeroEngineHeads\Events">
      <UniqueIdentifier>{e6a5c9ce-3708-487b-876d-5c7e79de9267}</UniqueIdentifier>
    </Filter>
    <Filter Include="源文件\ZeroEngine\Events">
      <UniqueIdentifier>{f5612307-b5a2-4958-b9dc-42b20f08fa44}</UniqueIdentifier>
    </Filter>
    <Filter Include="头文件\ZeroEngineHeads\Support">
      <UniqueIdentifier>{c560cfe0-5dd6-418d-9fac-ad29fb83a24b}</UniqueIdentifier>
    </Filter>
    <Filter Include="源文件\ZeroEngine\Support">
      <UniqueIdentifier>{d32f1d48-2f05-4d6a-b1cd-b55b47d17099}</UniqueIdentifier>
    </Filter>
    <Filter Include="源文件\ZeroEngine\Sound">
      <UniqueIdentifier>{4dcf4574-fed3-4f05-b0bf-3090dbac0b90}</UniqueIdentifier>
    </Filter>
    <Filter Include="头文件\ZeroEngineHeads\Sound">
      <UniqueIdentifier>{91d42091-4d58-413e-881d-1e018cbc57b0}</UniqueIdentifier>
    </Filter>
    <Filter Include="源文件\ZeroEngine\Error">
      <UniqueIdentifier>{2dca2379-4dfa-41e0-aee4-e11d0240ea43}</UniqueIdentifier>
    </Filter>
    <Filter Include="头文件\ZeroEngineHeads\Error">
      <UniqueIdentifier>{36529eef-2b57-426d-ab7a-cfc7ac424216}</UniqueIdentifier>
    </Filter>
    <Filter Include="头文件\ZeroEngineHeads\Controller">
      <UniqueIdentifier>{e592c326-6191-4da8-a682-55762bc00d5b}</UniqueIdentifier>
    </Filter>
    <Filter Include="源文件\ZeroEngine\Controller">
      <UniqueIdentifier>{7306c728-b4c9-46c8-807a-e2e18df5848e}</UniqueIdentifier>
    </Filter>
    <Filter Include="源文件\ZeroEngine\UserInterface">
      <UniqueIdentifier>{e8aec33a-389e-4c3b-b13e-5f5deb038176}</UniqueIdentifier>
    </Filter>
    <Filter Include="头文件\ZeroEngineHeads\UserInterface">
      <UniqueIdentifier>{d1a3a8b3-6385-474f-b833-abdda08b7026}</UniqueIdentifier>
    </Filter>
  </ItemGroup>
  <ItemGroup>
    <ClCompile Include="main.cpp">
      <Filter>源文件</Filter>
    </ClCompile>
    <ClCompile Include="ZE_Core.cpp">
      <Filter>源文件\ZeroEngine\Core</Filter>
    </ClCompile>
    <ClCompile Include="ZE_Texture.cpp">
      <Filter>源文件\ZeroEngine\Display</Filter>
    </ClCompile>
    <ClCompile Include="ZE_DisplayObject.cpp">
      <Filter>源文件\ZeroEngine\Display</Filter>
    </ClCompile>
    <ClCompile Include="ZE_Sprite.cpp">
      <Filter>源文件\ZeroEngine\Display</Filter>
    </ClCompile>
    <ClCompile Include="ZE_AssetManager.cpp">
      <Filter>源文件\ZeroEngine\Core</Filter>
    </ClCompile>
    <ClCompile Include="mygame.cpp">
      <Filter>源文件</Filter>
    </ClCompile>
    <ClCompile Include="ZE_Image.cpp">
      <Filter>源文件\ZeroEngine\Display</Filter>
    </ClCompile>
    <ClCompile Include="ZE_TextureContainer.cpp">
      <Filter>源文件\ZeroEngine\Display</Filter>
    </ClCompile>
    <ClCompile Include="ZE_TextField.cpp">
      <Filter>源文件\ZeroEngine\Display\Text</Filter>
    </ClCompile>
    <ClCompile Include="ZE_Font.cpp">
      <Filter>源文件\ZeroEngine\Display\Text</Filter>
    </ClCompile>
    <ClCompile Include="ZE_Event.cpp">
      <Filter>源文件\ZeroEngine\Events</Filter>
    </ClCompile>
    <ClCompile Include="ZE_EventDispatcher.cpp">
      <Filter>源文件\ZeroEngine\Events</Filter>
    </ClCompile>
    <ClCompile Include="tinyxml2.cpp">
      <Filter>源文件\ZeroEngine\Support</Filter>
    </ClCompile>
    <ClCompile Include="ZE_Sound.cpp">
      <Filter>源文件\ZeroEngine\Sound</Filter>
    </ClCompile>
    <ClCompile Include="ZE_Controller.cpp">
      <Filter>源文件\ZeroEngine\Controller</Filter>
    </ClCompile>
    <ClCompile Include="ZE_Error.cpp">
      <Filter>源文件\ZeroEngine\Error</Filter>
    </ClCompile>
    <ClCompile Include="ZE_Timer.cpp">
      <Filter>源文件\ZeroEngine\Core</Filter>
    </ClCompile>
    <ClCompile Include="ZE_Fraps.cpp">
      <Filter>源文件\ZeroEngine\Core</Filter>
    </ClCompile>
    <ClCompile Include="ZE_InputBox.cpp">
      <Filter>源文件\ZeroEngine\UserInterface</Filter>
    </ClCompile>
  </ItemGroup>
  <ItemGroup>
    <Text Include="hint.txt" />
  </ItemGroup>
  <ItemGroup>
    <ClInclude Include="ZE_Core.h">
      <Filter>头文件\ZeroEngineHeads\Core</Filter>
    </ClInclude>
    <ClInclude Include="ZE_DisplayObject.h">
      <Filter>头文件\ZeroEngineHeads\Display</Filter>
    </ClInclude>
    <ClInclude Include="ZE_Sprite.h">
      <Filter>头文件\ZeroEngineHeads\Display</Filter>
    </ClInclude>
    <ClInclude Include="ZE_AssetManager.h">
      <Filter>头文件\ZeroEngineHeads\Core</Filter>
    </ClInclude>
    <ClInclude Include="mygame.h">
      <Filter>头文件</Filter>
    </ClInclude>
    <ClInclude Include="ZE_Image.h">
      <Filter>头文件\ZeroEngineHeads\Display</Filter>
    </ClInclude>
    <ClInclude Include="ZE_TextureContainer.h">
      <Filter>头文件\ZeroEngineHeads\Display</Filter>
    </ClInclude>
    <ClInclude Include="ZE_Texture.h">
      <Filter>头文件\ZeroEngineHeads\Display</Filter>
    </ClInclude>
    <ClInclude Include="ZE_TextField.h">
      <Filter>头文件\ZeroEngineHeads\Display\Text</Filter>
    </ClInclude>
    <ClInclude Include="ZE_Font.h">
      <Filter>头文件\ZeroEngineHeads\Display\Text</Filter>
    </ClInclude>
    <ClInclude Include="ZE_Event.h">
      <Filter>头文件\ZeroEngineHeads\Events</Filter>
    </ClInclude>
    <ClInclude Include="ZE_EventDispatcher.h">
      <Filter>头文件\ZeroEngineHeads\Events</Filter>
    </ClInclude>
    <ClInclude Include="tinyxml2.h">
      <Filter>头文件\ZeroEngineHeads\Support</Filter>
    </ClInclude>
    <ClInclude Include="ZE_Sound.h">
      <Filter>头文件\ZeroEngineHeads\Sound</Filter>
    </ClInclude>
    <ClInclude Include="ZE_Controller.h">
      <Filter>头文件\ZeroEngineHeads\Controller</Filter>
    </ClInclude>
    <ClInclude Include="ZE_Error.h">
      <Filter>头文件\ZeroEngineHeads\Error</Filter>
    </ClInclude>
    <ClInclude Include="ZE_Timer.h">
      <Filter>头文件\ZeroEngineHeads\Core</Filter>
    </ClInclude>
    <ClInclude Include="ZE_Fraps.h">
      <Filter>头文件\ZeroEngineHeads\Core</Filter>
    </ClInclude>
    <ClInclude Include="ZE_InputBox.h">
      <Filter>头文件\ZeroEngineHeads\UserInterface</Filter>
    </ClInclude>
  </ItemGroup>
  <ItemGroup>
    <None Include="ClassDiagram.cd" />
  </ItemGroup>
</Project>